
Microsoft Visual Studio Solution File, Format Version 12.00
# Visual Studio Version 17
VisualStudioVersion = 17.0.31903.59
MinimumVisualStudioVersion = 10.0.40219.1
Project("{9A19103F-16F7-4668-BE54-9A1E7A4F7556}") = "Helpers", "Helpers\Helpers.csproj", "{C46F9953-5D8C-4BA5-B5C1-BF55BB7281EE}"
EndProject
Project("{9A19103F-16F7-4668-BE54-9A1E7A4F7556}") = "Joplin", "Joplin\Joplin.csproj", "{5211A608-C222-4AAF-8A09-9048353B3656}"
EndProject
Project("{9A19103F-16F7-4668-BE54-9A1E7A4F7556}") = "Helpers.Web", "Helpers.Web\Helpers.Web.csproj", "{5610FA20-02A4-48E9-BC62-22A64F29E4B9}"
EndProject
Project("{9A19103F-16F7-4668-BE54-9A1E7A4F7556}") = "Tests", "Tests\Tests.csproj", "{1D82C7F8-6308-4184-9EA1-5DE0DCD5CF25}"
EndProject
Project("{FAE04EC0-301F-11D3-BF4B-00C04F79EFBC}") = "TestConsole", "TestConsole\TestConsole.csproj", "{76E62883-ED1E-4D9B-ADB3-674922BE5CCC}"
EndProject
Global
	GlobalSection(SolutionConfigurationPlatforms) = preSolution
		Debug|Any CPU = Debug|Any CPU
		Release|Any CPU = Release|Any CPU
	EndGlobalSection
	GlobalSection(ProjectConfigurationPlatforms) = postSolution
		{C46F9953-5D8C-4BA5-B5C1-BF55BB7281EE}.Debug|Any CPU.ActiveCfg = Debug|Any CPU
		{C46F9953-5D8C-4BA5-B5C1-BF55BB7281EE}.Debug|Any CPU.Build.0 = Debug|Any CPU
		{C46F9953-5D8C-4BA5-B5C1-BF55BB7281EE}.Release|Any CPU.ActiveCfg = Release|Any CPU
		{C46F9953-5D8C-4BA5-B5C1-BF55BB7281EE}.Release|Any CPU.Build.0 = Release|Any CPU
		{5211A608-C222-4AAF-8A09-9048353B3656}.Debug|Any CPU.ActiveCfg = Debug|Any CPU
		{5211A608-C222-4AAF-8A09-9048353B3656}.Debug|Any CPU.Build.0 = Debug|Any CPU
		{5211A608-C222-4AAF-8A09-9048353B3656}.Release|Any CPU.ActiveCfg = Release|Any CPU
		{5211A608-C222-4AAF-8A09-9048353B3656}.Release|Any CPU.Build.0 = Release|Any CPU
		{5610FA20-02A4-48E9-BC62-22A64F29E4B9}.Debug|Any CPU.ActiveCfg = Debug|Any CPU
		{5610FA20-02A4-48E9-BC62-22A64F29E4B9}.Debug|Any CPU.Build.0 = Debug|Any CPU
		{5610FA20-02A4-48E9-BC62-22A64F29E4B9}.Release|Any CPU.ActiveCfg = Release|Any CPU
		{5610FA20-02A4-48E9-BC62-22A64F29E4B9}.Release|Any CPU.Build.0 = Release|Any CPU
		{1D82C7F8-6308-4184-9EA1-5DE0DCD5CF25}.Debug|Any CPU.ActiveCfg = Debug|Any CPU
		{1D82C7F8-6308-4184-9EA1-5DE0DCD5CF25}.Debug|Any CPU.Build.0 = Debug|Any CPU
		{1D82C7F8-6308-4184-9EA1-5DE0DCD5CF25}.Release|Any CPU.ActiveCfg = Release|Any CPU
		{1D82C7F8-6308-4184-9EA1-5DE0DCD5CF25}.Release|Any CPU.Build.0 = Release|Any CPU
		{76E62883-ED1E-4D9B-ADB3-674922BE5CCC}.Debug|Any CPU.ActiveCfg = Debug|Any CPU
		{76E62883-ED1E-4D9B-ADB3-674922BE5CCC}.Debug|Any CPU.Build.0 = Debug|Any CPU
		{76E62883-ED1E-4D9B-ADB3-674922BE5CCC}.Release|Any CPU.ActiveCfg = Release|Any CPU
		{76E62883-ED1E-4D9B-ADB3-674922BE5CCC}.Release|Any CPU.Build.0 = Release|Any CPU
	EndGlobalSection
	GlobalSection(SolutionProperties) = preSolution
		HideSolutionNode = FALSE
	EndGlobalSection
	GlobalSection(ExtensibilityGlobals) = postSolution
		SolutionGuid = {11DED9C3-75EB-4FBE-9E92-2B2B1F4F536D}
	EndGlobalSection
EndGlobal
